
Microsoft Visual Studio Solution File, Format Version 12.00
# Visual Studio Version 17
VisualStudioVersion = 17.8.34330.188
MinimumVisualStudioVersion = 10.0.40219.1
Project("{FAE04EC0-301F-11D3-BF4B-00C04F79EFBC}") = "ManageStudent.Asm2.Web", "ManageStudent.Asm2.Web\ManageStudent.Asm2.Web.csproj", "{25FDFBAD-3866-4F04-9D0C-ECA3FB4E5177}"
EndProject
Project("{FAE04EC0-301F-11D3-BF4B-00C04F79EFBC}") = "ManageStudent.Asm2.Repo", "ManageStudent.Asm2.Repo\ManageStudent.Asm2.Repo.csproj", "{F54A1BF3-DD9C-47CA-93E1-AAA9B992CC4C}"
EndProject
Global
	GlobalSection(SolutionConfigurationPlatforms) = preSolution
		Debug|Any CPU = Debug|Any CPU
		Release|Any CPU = Release|Any CPU
	EndGlobalSection
	GlobalSection(ProjectConfigurationPlatforms) = postSolution
		{25FDFBAD-3866-4F04-9D0C-ECA3FB4E5177}.Debug|Any CPU.ActiveCfg = Debug|Any CPU
		{25FDFBAD-3866-4F04-9D0C-ECA3FB4E5177}.Debug|Any CPU.Build.0 = Debug|Any CPU
		{25FDFBAD-3866-4F04-9D0C-ECA3FB4E5177}.Release|Any CPU.ActiveCfg = Release|Any CPU
		{25FDFBAD-3866-4F04-9D0C-ECA3FB4E5177}.Release|Any CPU.Build.0 = Release|Any CPU
		{F54A1BF3-DD9C-47CA-93E1-AAA9B992CC4C}.Debug|Any CPU.ActiveCfg = Debug|Any CPU
		{F54A1BF3-DD9C-47CA-93E1-AAA9B992CC4C}.Debug|Any CPU.Build.0 = Debug|Any CPU
		{F54A1BF3-DD9C-47CA-93E1-AAA9B992CC4C}.Release|Any CPU.ActiveCfg = Release|Any CPU
		{F54A1BF3-DD9C-47CA-93E1-AAA9B992CC4C}.Release|Any CPU.Build.0 = Release|Any CPU
	EndGlobalSection
	GlobalSection(SolutionProperties) = preSolution
		HideSolutionNode = FALSE
	EndGlobalSection
	GlobalSection(ExtensibilityGlobals) = postSolution
		SolutionGuid = {0497BE1D-A899-4B05-A907-9F7DB0E80AAA}
	EndGlobalSection
EndGlobal
