
Microsoft Visual Studio Solution File, Format Version 12.00
# Visual Studio Version 17
VisualStudioVersion = 17.8.34330.188
MinimumVisualStudioVersion = 10.0.40219.1
Project("{FAE04EC0-301F-11D3-BF4B-00C04F79EFBC}") = "CameraApp", "CameraApp.csproj", "{2D6F0ED4-1556-4DA3-A2EA-83E91B77D41F}"
EndProject
Global
	GlobalSection(SolutionConfigurationPlatforms) = preSolution
		Debug|Any CPU = Debug|Any CPU
		Release|Any CPU = Release|Any CPU
	EndGlobalSection
	GlobalSection(ProjectConfigurationPlatforms) = postSolution
		{2D6F0ED4-1556-4DA3-A2EA-83E91B77D41F}.Debug|Any CPU.ActiveCfg = Debug|Any CPU
		{2D6F0ED4-1556-4DA3-A2EA-83E91B77D41F}.Debug|Any CPU.Build.0 = Debug|Any CPU
		{2D6F0ED4-1556-4DA3-A2EA-83E91B77D41F}.Release|Any CPU.ActiveCfg = Release|Any CPU
		{2D6F0ED4-1556-4DA3-A2EA-83E91B77D41F}.Release|Any CPU.Build.0 = Release|Any CPU
	EndGlobalSection
	GlobalSection(SolutionProperties) = preSolution
		HideSolutionNode = FALSE
	EndGlobalSection
	GlobalSection(ExtensibilityGlobals) = postSolution
		SolutionGuid = {96C7F970-CB8F-4815-83E4-663E998B6B03}
	EndGlobalSection
EndGlobal
